Microsoft Visual Studio Solution File, Format Version 11.00
# Visual Studio 2010
Project("{FAE04EC0-301F-11D3-BF4B-00C04F79EFBC}") = "Assembly-CSharp", "Assembly-CSharp.csproj", "{11C06380-0218-D4ED-DF4D-8D3DC7F47E6A}"
EndProject
Project("{FAE04EC0-301F-11D3-BF4B-00C04F79EFBC}") = "Assembly-CSharp-Editor-firstpass", "Assembly-CSharp-Editor-firstpass.csproj", "{A87C0971-F9EC-C49E-B241-DBD5E98E8143}"
EndProject
Global
	GlobalSection(SolutionConfigurationPlatforms) = preSolution
		Debug|Any CPU = Debug|Any CPU
		Release|Any CPU = Release|Any CPU
	EndGlobalSection
	GlobalSection(ProjectConfigurationPlatforms) = postSolution
		{11C06380-0218-D4ED-DF4D-8D3DC7F47E6A}.Debug|Any CPU.ActiveCfg = Debug|Any CPU
		{11C06380-0218-D4ED-DF4D-8D3DC7F47E6A}.Debug|Any CPU.Build.0 = Debug|Any CPU
		{11C06380-0218-D4ED-DF4D-8D3DC7F47E6A}.Release|Any CPU.ActiveCfg = Release|Any CPU
		{11C06380-0218-D4ED-DF4D-8D3DC7F47E6A}.Release|Any CPU.Build.0 = Release|Any CPU
		{A87C0971-F9EC-C49E-B241-DBD5E98E8143}.Debug|Any CPU.ActiveCfg = Debug|Any CPU
		{A87C0971-F9EC-C49E-B241-DBD5E98E8143}.Debug|Any CPU.Build.0 = Debug|Any CPU
		{A87C0971-F9EC-C49E-B241-DBD5E98E8143}.Release|Any CPU.ActiveCfg = Release|Any CPU
		{A87C0971-F9EC-C49E-B241-DBD5E98E8143}.Release|Any CPU.Build.0 = Release|Any CPU
	EndGlobalSection
	GlobalSection(SolutionProperties) = preSolution
		HideSolutionNode = FALSE
	EndGlobalSection
	GlobalSection(MonoDevelopProperties) = preSolution
		StartupItem = Assembly-CSharp.csproj
	EndGlobalSection
EndGlobal
